
Microsoft Visual Studio Solution File, Format Version 12.00
# Visual Studio Version 17
VisualStudioVersion = 17.14.36511.14 d17.14
MinimumVisualStudioVersion = 10.0.40219.1
Project("{FAE04EC0-301F-11D3-BF4B-00C04F79EFBC}") = "Ejemplo pila en arreglos", "Ejemplo pila en arreglos.csproj", "{8BDEA6B3-3501-4327-B1BE-7A1949C7E3A9}"
EndProject
Global
	GlobalSection(SolutionConfigurationPlatforms) = preSolution
		Debug|Any CPU = Debug|Any CPU
		Release|Any CPU = Release|Any CPU
	EndGlobalSection
	GlobalSection(ProjectConfigurationPlatforms) = postSolution
		{8BDEA6B3-3501-4327-B1BE-7A1949C7E3A9}.Debug|Any CPU.ActiveCfg = Debug|Any CPU
		{8BDEA6B3-3501-4327-B1BE-7A1949C7E3A9}.Debug|Any CPU.Build.0 = Debug|Any CPU
		{8BDEA6B3-3501-4327-B1BE-7A1949C7E3A9}.Release|Any CPU.ActiveCfg = Release|Any CPU
		{8BDEA6B3-3501-4327-B1BE-7A1949C7E3A9}.Release|Any CPU.Build.0 = Release|Any CPU
	EndGlobalSection
	GlobalSection(SolutionProperties) = preSolution
		HideSolutionNode = FALSE
	EndGlobalSection
	GlobalSection(ExtensibilityGlobals) = postSolution
		SolutionGuid = {1E9E33E0-05ED-4550-BADC-6A6CF1CD2D92}
	EndGlobalSection
EndGlobal
